
Microsoft Visual Studio Solution File, Format Version 12.00
# Visual Studio 15
VisualStudioVersion = 15.0.27130.2024
MinimumVisualStudioVersion = 10.0.40219.1
Project("{FAE04EC0-301F-11D3-BF4B-00C04F79EFBC}") = "ProyectoTracyRamirez", "ProyectoTracyRamirez\ProyectoTracyRamirez.csproj", "{1655EADE-EBFD-43CC-BDF7-A0D7CE84A859}"
EndProject
Project("{FAE04EC0-301F-11D3-BF4B-00C04F79EFBC}") = "ProyectoDAO", "ProyectoDAO\ProyectoDAO.csproj", "{43FC46E2-3ABD-47DE-90C3-974B84B8FDDC}"
EndProject
Project("{FAE04EC0-301F-11D3-BF4B-00C04F79EFBC}") = "Entidades", "Entidades\Entidades.csproj", "{A14E78E2-925D-4D2A-B520-54E333DAFC1B}"
EndProject
Global
	GlobalSection(SolutionConfigurationPlatforms) = preSolution
		Debug|Any CPU = Debug|Any CPU
		Release|Any CPU = Release|Any CPU
	EndGlobalSection
	GlobalSection(ProjectConfigurationPlatforms) = postSolution
		{1655EADE-EBFD-43CC-BDF7-A0D7CE84A859}.Debug|Any CPU.ActiveCfg = Debug|Any CPU
		{1655EADE-EBFD-43CC-BDF7-A0D7CE84A859}.Debug|Any CPU.Build.0 = Debug|Any CPU
		{1655EADE-EBFD-43CC-BDF7-A0D7CE84A859}.Release|Any CPU.ActiveCfg = Release|Any CPU
		{1655EADE-EBFD-43CC-BDF7-A0D7CE84A859}.Release|Any CPU.Build.0 = Release|Any CPU
		{43FC46E2-3ABD-47DE-90C3-974B84B8FDDC}.Debug|Any CPU.ActiveCfg = Debug|Any CPU
		{43FC46E2-3ABD-47DE-90C3-974B84B8FDDC}.Debug|Any CPU.Build.0 = Debug|Any CPU
		{43FC46E2-3ABD-47DE-90C3-974B84B8FDDC}.Release|Any CPU.ActiveCfg = Release|Any CPU
		{43FC46E2-3ABD-47DE-90C3-974B84B8FDDC}.Release|Any CPU.Build.0 = Release|Any CPU
		{A14E78E2-925D-4D2A-B520-54E333DAFC1B}.Debug|Any CPU.ActiveCfg = Debug|Any CPU
		{A14E78E2-925D-4D2A-B520-54E333DAFC1B}.Debug|Any CPU.Build.0 = Debug|Any CPU
		{A14E78E2-925D-4D2A-B520-54E333DAFC1B}.Release|Any CPU.ActiveCfg = Release|Any CPU
		{A14E78E2-925D-4D2A-B520-54E333DAFC1B}.Release|Any CPU.Build.0 = Release|Any CPU
	EndGlobalSection
	GlobalSection(SolutionProperties) = preSolution
		HideSolutionNode = FALSE
	EndGlobalSection
	GlobalSection(ExtensibilityGlobals) = postSolution
		SolutionGuid = {6E9351EF-CB86-4BB2-B77A-44AE57F47227}
	EndGlobalSection
EndGlobal
